# This file is automatically @generated by Cargo.
# It is not intended for manual editing.
[[package]]
name = "geefr-ppm"
version = "0.2.0"
source = "registry+https://github.com/rust-lang/crates.io-index"
checksum = "c288e69fb71de67c5957d2f21d2c883363a700677f85d4cf540942dbb8b3e29f"

[[package]]
name = "ray_tracer"
version = "0.1.0"
dependencies = [
 "geefr-ppm",
]
